
Microsoft Visual Studio Solution File, Format Version 12.00
# Visual Studio Version 17
VisualStudioVersion = 17.11.35222.181
MinimumVisualStudioVersion = 10.0.40219.1
Project("{2150E333-8FDC-42A3-9474-1A3956D46DE8}") = "FrontEnd", "FrontEnd", "{68EDB537-8CC5-434B-9156-177E07389F22}"
EndProject
Project("{2150E333-8FDC-42A3-9474-1A3956D46DE8}") = "Gateway", "Gateway", "{BB129590-E6D6-4874-84EE-EF654BB69F02}"
EndProject
Project("{2150E333-8FDC-42A3-9474-1A3956D46DE8}") = "Integration", "Integration", "{348AB430-C12B-40C8-9AEE-D314A41EAFBA}"
EndProject
Project("{2150E333-8FDC-42A3-9474-1A3956D46DE8}") = "Services", "Services", "{0DB16907-2583-4189-B2F3-06A9FE11148C}"
EndProject
Project("{9A19103F-16F7-4668-BE54-9A1E7A4F7556}") = "Mango.Services.CouponAPI", "Mango.Services.CopounAPI\Mango.Services.CouponAPI.csproj", "{8A2F41CE-0A61-4CA4-9B6E-5C5426F3A095}"
EndProject
Project("{9A19103F-16F7-4668-BE54-9A1E7A4F7556}") = "Mango.Web", "Mango.Web\Mango.Web.csproj", "{0AADE4A2-ADFB-4C08-9DAD-524BD4A99189}"
EndProject
Project("{9A19103F-16F7-4668-BE54-9A1E7A4F7556}") = "Mango.Services.AuthAPI", "Mango.Services.AuthAPI\Mango.Services.AuthAPI.csproj", "{4348C6B8-B4FB-46E9-894C-31A865FB696A}"
EndProject
Project("{9A19103F-16F7-4668-BE54-9A1E7A4F7556}") = "Mango.Services.ProductAPI", "Mango.Services.ProductAPI\Mango.Services.ProductAPI.csproj", "{BDBB2615-490B-4A86-B6E9-F01E03F3ED13}"
EndProject
Project("{9A19103F-16F7-4668-BE54-9A1E7A4F7556}") = "Mango.Services.ShoppingCartAPI", "Mango.Services.ShoppingCartAPI\Mango.Services.ShoppingCartAPI.csproj", "{77381033-3DAD-43D7-B9EF-0E37786617CC}"
EndProject
Project("{FAE04EC0-301F-11D3-BF4B-00C04F79EFBC}") = "Mango.MessageBus", "Mango.MessageBud\Mango.MessageBus.csproj", "{C66C5458-7C06-4A98-B3E3-8966B4DDF967}"
EndProject
Global
	GlobalSection(SolutionConfigurationPlatforms) = preSolution
		Debug|Any CPU = Debug|Any CPU
		Release|Any CPU = Release|Any CPU
	EndGlobalSection
	GlobalSection(ProjectConfigurationPlatforms) = postSolution
		{8A2F41CE-0A61-4CA4-9B6E-5C5426F3A095}.Debug|Any CPU.ActiveCfg = Debug|Any CPU
		{8A2F41CE-0A61-4CA4-9B6E-5C5426F3A095}.Debug|Any CPU.Build.0 = Debug|Any CPU
		{8A2F41CE-0A61-4CA4-9B6E-5C5426F3A095}.Release|Any CPU.ActiveCfg = Release|Any CPU
		{8A2F41CE-0A61-4CA4-9B6E-5C5426F3A095}.Release|Any CPU.Build.0 = Release|Any CPU
		{0AADE4A2-ADFB-4C08-9DAD-524BD4A99189}.Debug|Any CPU.ActiveCfg = Debug|Any CPU
		{0AADE4A2-ADFB-4C08-9DAD-524BD4A99189}.Debug|Any CPU.Build.0 = Debug|Any CPU
		{0AADE4A2-ADFB-4C08-9DAD-524BD4A99189}.Release|Any CPU.ActiveCfg = Release|Any CPU
		{0AADE4A2-ADFB-4C08-9DAD-524BD4A99189}.Release|Any CPU.Build.0 = Release|Any CPU
		{4348C6B8-B4FB-46E9-894C-31A865FB696A}.Debug|Any CPU.ActiveCfg = Debug|Any CPU
		{4348C6B8-B4FB-46E9-894C-31A865FB696A}.Debug|Any CPU.Build.0 = Debug|Any CPU
		{4348C6B8-B4FB-46E9-894C-31A865FB696A}.Release|Any CPU.ActiveCfg = Release|Any CPU
		{4348C6B8-B4FB-46E9-894C-31A865FB696A}.Release|Any CPU.Build.0 = Release|Any CPU
		{BDBB2615-490B-4A86-B6E9-F01E03F3ED13}.Debug|Any CPU.ActiveCfg = Debug|Any CPU
		{BDBB2615-490B-4A86-B6E9-F01E03F3ED13}.Debug|Any CPU.Build.0 = Debug|Any CPU
		{BDBB2615-490B-4A86-B6E9-F01E03F3ED13}.Release|Any CPU.ActiveCfg = Release|Any CPU
		{BDBB2615-490B-4A86-B6E9-F01E03F3ED13}.Release|Any CPU.Build.0 = Release|Any CPU
		{77381033-3DAD-43D7-B9EF-0E37786617CC}.Debug|Any CPU.ActiveCfg = Debug|Any CPU
		{77381033-3DAD-43D7-B9EF-0E37786617CC}.Debug|Any CPU.Build.0 = Debug|Any CPU
		{77381033-3DAD-43D7-B9EF-0E37786617CC}.Release|Any CPU.ActiveCfg = Release|Any CPU
		{77381033-3DAD-43D7-B9EF-0E37786617CC}.Release|Any CPU.Build.0 = Release|Any CPU
		{C66C5458-7C06-4A98-B3E3-8966B4DDF967}.Debug|Any CPU.ActiveCfg = Debug|Any CPU
		{C66C5458-7C06-4A98-B3E3-8966B4DDF967}.Debug|Any CPU.Build.0 = Debug|Any CPU
		{C66C5458-7C06-4A98-B3E3-8966B4DDF967}.Release|Any CPU.ActiveCfg = Release|Any CPU
		{C66C5458-7C06-4A98-B3E3-8966B4DDF967}.Release|Any CPU.Build.0 = Release|Any CPU
	EndGlobalSection
	GlobalSection(SolutionProperties) = preSolution
		HideSolutionNode = FALSE
	EndGlobalSection
	GlobalSection(NestedProjects) = preSolution
		{8A2F41CE-0A61-4CA4-9B6E-5C5426F3A095} = {0DB16907-2583-4189-B2F3-06A9FE11148C}
		{0AADE4A2-ADFB-4C08-9DAD-524BD4A99189} = {68EDB537-8CC5-434B-9156-177E07389F22}
		{4348C6B8-B4FB-46E9-894C-31A865FB696A} = {0DB16907-2583-4189-B2F3-06A9FE11148C}
		{BDBB2615-490B-4A86-B6E9-F01E03F3ED13} = {0DB16907-2583-4189-B2F3-06A9FE11148C}
		{77381033-3DAD-43D7-B9EF-0E37786617CC} = {0DB16907-2583-4189-B2F3-06A9FE11148C}
		{C66C5458-7C06-4A98-B3E3-8966B4DDF967} = {348AB430-C12B-40C8-9AEE-D314A41EAFBA}
	EndGlobalSection
	GlobalSection(ExtensibilityGlobals) = postSolution
		SolutionGuid = {AFD00826-9683-49CE-A397-6FC645FC2D51}
	EndGlobalSection
EndGlobal
